{
  "name": "t-dot-svelte",
  "version": "1.0.3",
  "lockfileVersion": 1,
  "requires": true,
  "dependencies": {
    "t-dot-js": {
      "version": "1.0.3",
      "resolved": "https://registry.npmjs.org/t-dot-js/-/t-dot-js-1.0.3.tgz",
      "integrity": "sha512-Htscd3PWksOP8KnMuwA1X6Y9Z2JLnxm+I01FovVYUzsgMnt7KdYBZIyhjTNlQ+VP7EBcAITB9OywgQu0gusLWw=="
    }
  }
}
